
Microsoft Visual Studio Solution File, Format Version 12.00
# Visual Studio Version 16
VisualStudioVersion = 16.0.32228.343
MinimumVisualStudioVersion = 10.0.40219.1
Project("{FAE04EC0-301F-11D3-BF4B-00C04F79EFBC}") = "SoftwareConstructorProject", "SoftwareConstructorProject\SoftwareConstructorProject.csproj", "{D0051328-6DDE-466B-90AD-D639D33E0336}"
EndProject
Global
	GlobalSection(SolutionConfigurationPlatforms) = preSolution
		Debug|Any CPU = Debug|Any CPU
		Release|Any CPU = Release|Any CPU
	EndGlobalSection
	GlobalSection(ProjectConfigurationPlatforms) = postSolution
		{D0051328-6DDE-466B-90AD-D639D33E0336}.Debug|Any CPU.ActiveCfg = Debug|Any CPU
		{D0051328-6DDE-466B-90AD-D639D33E0336}.Debug|Any CPU.Build.0 = Debug|Any CPU
		{D0051328-6DDE-466B-90AD-D639D33E0336}.Release|Any CPU.ActiveCfg = Release|Any CPU
		{D0051328-6DDE-466B-90AD-D639D33E0336}.Release|Any CPU.Build.0 = Release|Any CPU
	EndGlobalSection
	GlobalSection(SolutionProperties) = preSolution
		HideSolutionNode = FALSE
	EndGlobalSection
	GlobalSection(ExtensibilityGlobals) = postSolution
		SolutionGuid = {E6F916FC-D234-4599-89BC-5A9B88689DF0}
	EndGlobalSection
EndGlobal
